
Microsoft Visual Studio Solution File, Format Version 12.00
# Visual Studio Express 2013 for Web
VisualStudioVersion = 12.0.31101.0
MinimumVisualStudioVersion = 10.0.40219.1
Project("{FAE04EC0-301F-11D3-BF4B-00C04F79EFBC}") = "WeeklyLog", "WeeklyLog.csproj", "{AA8E8B78-4D9A-433F-9B6F-A950A964E4D2}"
EndProject
Project("{2150E333-8FDC-42A3-9474-1A3956D46DE8}") = "PublishScripts", "PublishScripts", "{E04C75DD-EE6C-4747-82A0-E5930D1D475C}"
	ProjectSection(SolutionItems) = preProject
		..\PublishScripts\AzureWebsitePublishModule.psm1 = ..\PublishScripts\AzureWebsitePublishModule.psm1
		..\PublishScripts\Publish-WebApplicationWebsite.ps1 = ..\PublishScripts\Publish-WebApplicationWebsite.ps1
	EndProjectSection
EndProject
Project("{2150E333-8FDC-42A3-9474-1A3956D46DE8}") = "Configurations", "Configurations", "{9EE541C7-308E-4B97-B288-EAE353573018}"
	ProjectSection(SolutionItems) = preProject
		..\PublishScripts\Configurations\WeeklyLog-WAWS-dev.json = ..\PublishScripts\Configurations\WeeklyLog-WAWS-dev.json
	EndProjectSection
EndProject
Global
	GlobalSection(SolutionConfigurationPlatforms) = preSolution
		Debug|Any CPU = Debug|Any CPU
		Release|Any CPU = Release|Any CPU
	EndGlobalSection
	GlobalSection(ProjectConfigurationPlatforms) = postSolution
		{AA8E8B78-4D9A-433F-9B6F-A950A964E4D2}.Debug|Any CPU.ActiveCfg = Debug|Any CPU
		{AA8E8B78-4D9A-433F-9B6F-A950A964E4D2}.Debug|Any CPU.Build.0 = Debug|Any CPU
		{AA8E8B78-4D9A-433F-9B6F-A950A964E4D2}.Release|Any CPU.ActiveCfg = Release|Any CPU
		{AA8E8B78-4D9A-433F-9B6F-A950A964E4D2}.Release|Any CPU.Build.0 = Release|Any CPU
	EndGlobalSection
	GlobalSection(SolutionProperties) = preSolution
		HideSolutionNode = FALSE
	EndGlobalSection
	GlobalSection(NestedProjects) = preSolution
		{9EE541C7-308E-4B97-B288-EAE353573018} = {E04C75DD-EE6C-4747-82A0-E5930D1D475C}
	EndGlobalSection
EndGlobal
